// !$*UTF8*$!
{
	archiveVersion = 1;
	classes = {
	};
	objectVersion = 77;
	objects = {

/* Begin PBXBuildFile section */
		4BE2D0712FC234EE00461214 /* LibP2P in Frameworks */ = {isa = PBXBuildFile; productRef = 4BE2D0702FC234EE00461214 /* LibP2P */; };
		4BE2D0732FC234EE00461214 /* LibP2PTesting in Frameworks */ = {isa = PBXBuildFile; productRef = 4BE2D0722FC234EE00461214 /* LibP2PTesting */; };
/* End PBXBuildFile section */

/* Begin PBXContainerItemProxy section */
		4BE2D0532FC2347B00461214 /* PBXContainerItemProxy */ = {
			isa = PBXContainerItemProxy;
			containerPortal = 4BE2D0372FC2347A00461214 /* Project object */;
			proxyType = 1;
			remoteGlobalIDString = 4BE2D03E2FC2347A00461214;
			remoteInfo = "libp2p-app-template";
		};
		4BE2D05D2FC2347B00461214 /* PBXContainerItemProxy */ = {
			isa = PBXContainerItemProxy;
			containerPortal = 4BE2D0372FC2347A00461214 /* Project object */;
			proxyType = 1;
			remoteGlobalIDString = 4BE2D03E2FC2347A00461214;
			remoteInfo = "libp2p-app-template";
		};
/* End PBXContainerItemProxy section */

/* Begin PBXFileReference section */
		4BE2D03F2FC2347A00461214 /* libp2p-app-template.app */ = {isa = PBXFileReference; explicitFileType = wrapper.application; includeInIndex = 0; path = "libp2p-app-template.app"; sourceTree = BUILT_PRODUCTS_DIR; };
		4BE2D0522FC2347B00461214 /* libp2p-app-templateTests.xctest */ = {isa = PBXFileReference; explicitFileType = wrapper.cfbundle; includeInIndex = 0; path = "libp2p-app-templateTests.xctest"; sourceTree = BUILT_PRODUCTS_DIR; };
		4BE2D05C2FC2347B00461214 /* libp2p-app-templateUITests.xctest */ = {isa = PBXFileReference; explicitFileType = wrapper.cfbundle; includeInIndex = 0; path = "libp2p-app-templateUITests.xctest"; sourceTree = BUILT_PRODUCTS_DIR; };
/* End PBXFileReference section */

/* Begin PBXFileSystemSynchronizedRootGroup section */
		4BE2D0412FC2347A00461214 /* libp2p-app-template */ = {
			isa = PBXFileSystemSynchronizedRootGroup;
			path = "libp2p-app-template";
			sourceTree = "<group>";
		};
		4BE2D0552FC2347B00461214 /* libp2p-app-templateTests */ = {
			isa = PBXFileSystemSynchronizedRootGroup;
			path = "libp2p-app-templateTests";
			sourceTree = "<group>";
		};
		4BE2D05F2FC2347B00461214 /* libp2p-app-templateUITests */ = {
			isa = PBXFileSystemSynchronizedRootGroup;
			path = "libp2p-app-templateUITests";
			sourceTree = "<group>";
		};
/* End PBXFileSystemSynchronizedRootGroup section */

/* Begin PBXFrameworksBuildPhase section */
		4BE2D03C2FC2347A00461214 /* Frameworks */ = {
			isa = PBXFrameworksBuildPhase;
			buildActionMask = 2147483647;
			files = (
				4BE2D0732FC234EE00461214 /* LibP2PTesting in Frameworks */,
				4BE2D0712FC234EE00461214 /* LibP2P in Frameworks */,
			);
			runOnlyForDeploymentPostprocessing = 0;
		};
		4BE2D04F2FC2347B00461214 /* Frameworks */ = {
			isa = PBXFrameworksBuildPhase;
			buildActionMask = 2147483647;
			files = (
			);
			runOnlyForDeploymentPostprocessing = 0;
		};
		4BE2D0592FC2347B00461214 /* Frameworks */ = {
			isa = PBXFrameworksBuildPhase;
			buildActionMask = 2147483647;
			files = (
			);
			runOnlyForDeploymentPostprocessing = 0;
		};
/* End PBXFrameworksBuildPhase section */

/* Begin PBXGroup section */
		4BE2D0362FC2347A00461214 = {
			isa = PBXGroup;
			children = (
				4BE2D0412FC2347A00461214 /* libp2p-app-template */,
				4BE2D0552FC2347B00461214 /* libp2p-app-templateTests */,
				4BE2D05F2FC2347B00461214 /* libp2p-app-templateUITests */,
				4BE2D0402FC2347A00461214 /* Products */,
			);
			sourceTree = "<group>";
		};
		4BE2D0402FC2347A00461214 /* Products */ = {
			isa = PBXGroup;
			children = (
				4BE2D03F2FC2347A00461214 /* libp2p-app-template.app */,
				4BE2D0522FC2347B00461214 /* libp2p-app-templateTests.xctest */,
				4BE2D05C2FC2347B00461214 /* libp2p-app-templateUITests.xctest */,
			);
			name = Products;
			sourceTree = "<group>";
		};
/* End PBXGroup section */

/* Begin PBXNativeTarget section */
		4BE2D03E2FC2347A00461214 /* libp2p-app-template */ = {
			isa = PBXNativeTarget;
			buildConfigurationList = 4BE2D0662FC2347B00461214 /* Build configuration list for PBXNativeTarget "libp2p-app-template" */;
			buildPhases = (
				4BE2D03B2FC2347A00461214 /* Sources */,
				4BE2D03C2FC2347A00461214 /* Frameworks */,
				4BE2D03D2FC2347A00461214 /* Resources */,
			);
			buildRules = (
			);
			dependencies = (
			);
			fileSystemSynchronizedGroups = (
				4BE2D0412FC2347A00461214 /* libp2p-app-template */,
			);
			name = "libp2p-app-template";
			packageProductDependencies = (
				4BE2D0702FC234EE00461214 /* LibP2P */,
				4BE2D0722FC234EE00461214 /* LibP2PTesting */,
			);
			productName = "libp2p-app-template";
			productReference = 4BE2D03F2FC2347A00461214 /* libp2p-app-template.app */;
			productType = "com.apple.product-type.application";
		};
		4BE2D0512FC2347B00461214 /* libp2p-app-templateTests */ = {
			isa = PBXNativeTarget;
			buildConfigurationList = 4BE2D0692FC2347B00461214 /* Build configuration list for PBXNativeTarget "libp2p-app-templateTests" */;
			buildPhases = (
				4BE2D04E2FC2347B00461214 /* Sources */,
				4BE2D04F2FC2347B00461214 /* Frameworks */,
				4BE2D0502FC2347B00461214 /* Resources */,
			);
			buildRules = (
			);
			dependencies = (
				4BE2D0542FC2347B00461214 /* PBXTargetDependency */,
			);
			fileSystemSynchronizedGroups = (
				4BE2D0552FC2347B00461214 /* libp2p-app-templateTests */,
			);
			name = "libp2p-app-templateTests";
			packageProductDependencies = (
			);
			productName = "libp2p-app-templateTests";
			productReference = 4BE2D0522FC2347B00461214 /* libp2p-app-templateTests.xctest */;
			productType = "com.apple.product-type.bundle.unit-test";
		};
		4BE2D05B2FC2347B00461214 /* libp2p-app-templateUITests */ = {
			isa = PBXNativeTarget;
			buildConfigurationList = 4BE2D06C2FC2347B00461214 /* Build configuration list for PBXNativeTarget "libp2p-app-templateUITests" */;
			buildPhases = (
				4BE2D0582FC2347B00461214 /* Sources */,
				4BE2D0592FC2347B00461214 /* Frameworks */,
				4BE2D05A2FC2347B00461214 /* Resources */,
			);
			buildRules = (
			);
			dependencies = (
				4BE2D05E2FC2347B00461214 /* PBXTargetDependency */,
			);
			fileSystemSynchronizedGroups = (
				4BE2D05F2FC2347B00461214 /* libp2p-app-templateUITests */,
			);
			name = "libp2p-app-templateUITests";
			packageProductDependencies = (
			);
			productName = "libp2p-app-templateUITests";
			productReference = 4BE2D05C2FC2347B00461214 /* libp2p-app-templateUITests.xctest */;
			productType = "com.apple.product-type.bundle.ui-testing";
		};
/* End PBXNativeTarget section */

/* Begin PBXProject section */
		4BE2D0372FC2347A00461214 /* Project object */ = {
			isa = PBXProject;
			attributes = {
				BuildIndependentTargetsInParallel = 1;
				LastSwiftUpdateCheck = 1620;
				LastUpgradeCheck = 1620;
				TargetAttributes = {
					4BE2D03E2FC2347A00461214 = {
						CreatedOnToolsVersion = 16.2;
					};
					4BE2D0512FC2347B00461214 = {
						CreatedOnToolsVersion = 16.2;
						TestTargetID = 4BE2D03E2FC2347A00461214;
					};
					4BE2D05B2FC2347B00461214 = {
						CreatedOnToolsVersion = 16.2;
						TestTargetID = 4BE2D03E2FC2347A00461214;
					};
				};
			};
			buildConfigurationList = 4BE2D03A2FC2347A00461214 /* Build configuration list for PBXProject "libp2p-app-template" */;
			developmentRegion = en;
			hasScannedForEncodings = 0;
			knownRegions = (
				en,
				Base,
			);
			mainGroup = 4BE2D0362FC2347A00461214;
			minimizedProjectReferenceProxies = 1;
			packageReferences = (
				4BE2D06F2FC234EE00461214 /* XCLocalSwiftPackageReference "../swift-libp2p" */,
			);
			preferredProjectObjectVersion = 77;
			productRefGroup = 4BE2D0402FC2347A00461214 /* Products */;
			projectDirPath = "";
			projectRoot = "";
			targets = (
				4BE2D03E2FC2347A00461214 /* libp2p-app-template */,
				4BE2D0512FC2347B00461214 /* libp2p-app-templateTests */,
				4BE2D05B2FC2347B00461214 /* libp2p-app-templateUITests */,
			);
		};
/* End PBXProject section */

/* Begin PBXResourcesBuildPhase section */
		4BE2D03D2FC2347A00461214 /* Resources */ = {
			isa = PBXResourcesBuildPhase;
			buildActionMask = 2147483647;
			files = (
			);
			runOnlyForDeploymentPostprocessing = 0;
		};
		4BE2D0502FC2347B00461214 /* Resources */ = {
			isa = PBXResourcesBuildPhase;
			buildActionMask = 2147483647;
			files = (
			);
			runOnlyForDeploymentPostprocessing = 0;
		};
		4BE2D05A2FC2347B00461214 /* Resources */ = {
			isa = PBXResourcesBuildPhase;
			buildActionMask = 2147483647;
			files = (
			);
			runOnlyForDeploymentPostprocessing = 0;
		};
/* End PBXResourcesBuildPhase section */

/* Begin PBXSourcesBuildPhase section */
		4BE2D03B2FC2347A00461214 /* Sources */ = {
			isa = PBXSourcesBuildPhase;
			buildActionMask = 2147483647;
			files = (
			);
			runOnlyForDeploymentPostprocessing = 0;
		};
		4BE2D04E2FC2347B00461214 /* Sources */ = {
			isa = PBXSourcesBuildPhase;
			buildActionMask = 2147483647;
			files = (
			);
			runOnlyForDeploymentPostprocessing = 0;
		};
		4BE2D0582FC2347B00461214 /* Sources */ = {
			isa = PBXSourcesBuildPhase;
			buildActionMask = 2147483647;
			files = (
			);
			runOnlyForDeploymentPostprocessing = 0;
		};
/* End PBXSourcesBuildPhase section */

/* Begin PBXTargetDependency section */
		4BE2D0542FC2347B00461214 /* PBXTargetDependency */ = {
			isa = PBXTargetDependency;
			target = 4BE2D03E2FC2347A00461214 /* libp2p-app-template */;
			targetProxy = 4BE2D0532FC2347B00461214 /* PBXContainerItemProxy */;
		};
		4BE2D05E2FC2347B00461214 /* PBXTargetDependency */ = {
			isa = PBXTargetDependency;
			target = 4BE2D03E2FC2347A00461214 /* libp2p-app-template */;
			targetProxy = 4BE2D05D2FC2347B00461214 /* PBXContainerItemProxy */;
		};
/* End PBXTargetDependency section */

/* Begin XCBuildConfiguration section */
		4BE2D0642FC2347B00461214 /* Debug */ = {
			isa = XCBuildConfiguration;
			buildSettings = {
				ALWAYS_SEARCH_USER_PATHS = NO;
				ASSETCATALOG_COMPILER_GENERATE_SWIFT_ASSET_SYMBOL_EXTENSIONS = YES;
				CLANG_ANALYZER_NONNULL = YES;
				CLANG_ANALYZER_NUMBER_OBJECT_CONVERSION = YES_AGGRESSIVE;
				CLANG_CXX_LANGUAGE_STANDARD = "gnu++20";
				CLANG_ENABLE_MODULES = YES;
				CLANG_ENABLE_OBJC_ARC = YES;
				CLANG_ENABLE_OBJC_WEAK = YES;
				CLANG_WARN_BLOCK_CAPTURE_AUTORELEASING = YES;
				CLANG_WARN_BOOL_CONVERSION = YES;
				CLANG_WARN_COMMA = YES;
				CLANG_WARN_CONSTANT_CONVERSION = YES;
				CLANG_WARN_DEPRECATED_OBJC_IMPLEMENTATIONS = YES;
				CLANG_WARN_DIRECT_OBJC_ISA_USAGE = YES_ERROR;
				CLANG_WARN_DOCUMENTATION_COMMENTS = YES;
				CLANG_WARN_EMPTY_BODY = YES;
				CLANG_WARN_ENUM_CONVERSION = YES;
				CLANG_WARN_INFINITE_RECURSION = YES;
				CLANG_WARN_INT_CONVERSION = YES;
				CLANG_WARN_NON_LITERAL_NULL_CONVERSION = YES;
				CLANG_WARN_OBJC_IMPLICIT_RETAIN_SELF = YES;
				CLANG_WARN_OBJC_LITERAL_CONVERSION = YES;
				CLANG_WARN_OBJC_ROOT_CLASS = YES_ERROR;
				CLANG_WARN_QUOTED_INCLUDE_IN_FRAMEWORK_HEADER = YES;
				CLANG_WARN_RANGE_LOOP_ANALYSIS = YES;
				CLANG_WARN_STRICT_PROTOTYPES = YES;
				CLANG_WARN_SUSPICIOUS_MOVE = YES;
				CLANG_WARN_UNGUARDED_AVAILABILITY = YES_AGGRESSIVE;
				CLANG_WARN_UNREACHABLE_CODE = YES;
				CLANG_WARN__DUPLICATE_METHOD_MATCH = YES;
				COPY_PHASE_STRIP = NO;
				DEBUG_INFORMATION_FORMAT = dwarf;
				ENABLE_STRICT_OBJC_MSGSEND = YES;
				ENABLE_TESTABILITY = YES;
				ENABLE_USER_SCRIPT_SANDBOXING = YES;
				GCC_C_LANGUAGE_STANDARD = gnu17;
				GCC_DYNAMIC_NO_PIC = NO;
				GCC_NO_COMMON_BLOCKS = YES;
				GCC_OPTIMIZATION_LEVEL = 0;
				GCC_PREPROCESSOR_DEFINITIONS = (
					"DEBUG=1",
					"$(inherited)",
				);
				GCC_WARN_64_TO_32_BIT_CONVERSION = YES;
				GCC_WARN_ABOUT_RETURN_TYPE = YES_ERROR;
				GCC_WARN_UNDECLARED_SELECTOR = YES;
				GCC_WARN_UNINITIALIZED_AUTOS = YES_AGGRESSIVE;
				GCC_WARN_UNUSED_FUNCTION = YES;
				GCC_WARN_UNUSED_VARIABLE = YES;
				LOCALIZATION_PREFERS_STRING_CATALOGS = YES;
				MTL_ENABLE_DEBUG_INFO = INCLUDE_SOURCE;
				MTL_FAST_MATH = YES;
				ONLY_ACTIVE_ARCH = YES;
				SWIFT_ACTIVE_COMPILATION_CONDITIONS = "DEBUG $(inherited)";
				SWIFT_OPTIMIZATION_LEVEL = "-Onone";
			};
			name = Debug;
		};
		4BE2D0652FC2347B00461214 /* Release */ = {
			isa = XCBuildConfiguration;
			buildSettings = {
				ALWAYS_SEARCH_USER_PATHS = NO;
				ASSETCATALOG_COMPILER_GENERATE_SWIFT_ASSET_SYMBOL_EXTENSIONS = YES;
				CLANG_ANALYZER_NONNULL = YES;
				CLANG_ANALYZER_NUMBER_OBJECT_CONVERSION = YES_AGGRESSIVE;
				CLANG_CXX_LANGUAGE_STANDARD = "gnu++20";
				CLANG_ENABLE_MODULES = YES;
				CLANG_ENABLE_OBJC_ARC = YES;
				CLANG_ENABLE_OBJC_WEAK = YES;
				CLANG_WARN_BLOCK_CAPTURE_AUTORELEASING = YES;
				CLANG_WARN_BOOL_CONVERSION = YES;
				CLANG_WARN_COMMA = YES;
				CLANG_WARN_CONSTANT_CONVERSION = YES;
				CLANG_WARN_DEPRECATED_OBJC_IMPLEMENTATIONS = YES;
				CLANG_WARN_DIRECT_OBJC_ISA_USAGE = YES_ERROR;
				CLANG_WARN_DOCUMENTATION_COMMENTS = YES;
				CLANG_WARN_EMPTY_BODY = YES;
				CLANG_WARN_ENUM_CONVERSION = YES;
				CLANG_WARN_INFINITE_RECURSION = YES;
				CLANG_WARN_INT_CONVERSION = YES;
				CLANG_WARN_NON_LITERAL_NULL_CONVERSION = YES;
				CLANG_WARN_OBJC_IMPLICIT_RETAIN_SELF = YES;
				CLANG_WARN_OBJC_LITERAL_CONVERSION = YES;
				CLANG_WARN_OBJC_ROOT_CLASS = YES_ERROR;
				CLANG_WARN_QUOTED_INCLUDE_IN_FRAMEWORK_HEADER = YES;
				CLANG_WARN_RANGE_LOOP_ANALYSIS = YES;
				CLANG_WARN_STRICT_PROTOTYPES = YES;
				CLANG_WARN_SUSPICIOUS_MOVE = YES;
				CLANG_WARN_UNGUARDED_AVAILABILITY = YES_AGGRESSIVE;
				CLANG_WARN_UNREACHABLE_CODE = YES;
				CLANG_WARN__DUPLICATE_METHOD_MATCH = YES;
				COPY_PHASE_STRIP = NO;
				DEBUG_INFORMATION_FORMAT = "dwarf-with-dsym";
				ENABLE_NS_ASSERTIONS = NO;
				ENABLE_STRICT_OBJC_MSGSEND = YES;
				ENABLE_USER_SCRIPT_SANDBOXING = YES;
				GCC_C_LANGUAGE_STANDARD = gnu17;
				GCC_NO_COMMON_BLOCKS = YES;
				GCC_WARN_64_TO_32_BIT_CONVERSION = YES;
				GCC_WARN_ABOUT_RETURN_TYPE = YES_ERROR;
				GCC_WARN_UNDECLARED_SELECTOR = YES;
				GCC_WARN_UNINITIALIZED_AUTOS = YES_AGGRESSIVE;
				GCC_WARN_UNUSED_FUNCTION = YES;
				GCC_WARN_UNUSED_VARIABLE = YES;
				LOCALIZATION_PREFERS_STRING_CATALOGS = YES;
				MTL_ENABLE_DEBUG_INFO = NO;
				MTL_FAST_MATH = YES;
				SWIFT_COMPILATION_MODE = wholemodule;
			};
			name = Release;
		};
		4BE2D0672FC2347B00461214 /* Debug */ = {
			isa = XCBuildConfiguration;
			buildSettings = {
				ASSETCATALOG_COMPILER_APPICON_NAME = AppIcon;
				ASSETCATALOG_COMPILER_GLOBAL_ACCENT_COLOR_NAME = AccentColor;
				CODE_SIGN_ENTITLEMENTS = "libp2p-app-template/libp2p_app_template.entitlements";
				CODE_SIGN_STYLE = Automatic;
				CURRENT_PROJECT_VERSION = 1;
				DEVELOPMENT_ASSET_PATHS = "\"libp2p-app-template/Preview Content\"";
				DEVELOPMENT_TEAM = M684FYCYG6;
				ENABLE_HARDENED_RUNTIME = YES;
				ENABLE_PREVIEWS = YES;
				GENERATE_INFOPLIST_FILE = YES;
				"INFOPLIST_KEY_UIApplicationSceneManifest_Generation[sdk=iphoneos*]" = YES;
				"INFOPLIST_KEY_UIApplicationSceneManifest_Generation[sdk=iphonesimulator*]" = YES;
				"INFOPLIST_KEY_UIApplicationSupportsIndirectInputEvents[sdk=iphoneos*]" = YES;
				"INFOPLIST_KEY_UIApplicationSupportsIndirectInputEvents[sdk=iphonesimulator*]" = YES;
				"INFOPLIST_KEY_UILaunchScreen_Generation[sdk=iphoneos*]" = YES;
				"INFOPLIST_KEY_UILaunchScreen_Generation[sdk=iphonesimulator*]" = YES;
				"INFOPLIST_KEY_UIStatusBarStyle[sdk=iphoneos*]" = UIStatusBarStyleDefault;
				"INFOPLIST_KEY_UIStatusBarStyle[sdk=iphonesimulator*]" = UIStatusBarStyleDefault;
				INFOPLIST_KEY_UISupportedInterfaceOrientations_iPad = "UIInterfaceOrientationPortrait UIInterfaceOrientationPortraitUpsideDown UIInterfaceOrientationLandscapeLeft UIInterfaceOrientationLandscapeRight";
				INFOPLIST_KEY_UISupportedInterfaceOrientations_iPhone = "UIInterfaceOrientationPortrait UIInterfaceOrientationLandscapeLeft UIInterfaceOrientationLandscapeRight";
				IPHONEOS_DEPLOYMENT_TARGET = 18.2;
				LD_RUNPATH_SEARCH_PATHS = "@executable_path/Frameworks";
				"LD_RUNPATH_SEARCH_PATHS[sdk=macosx*]" = "@executable_path/../Frameworks";
				MACOSX_DEPLOYMENT_TARGET = 14.0;
				MARKETING_VERSION = 1.0;
				PRODUCT_BUNDLE_IDENTIFIER = "org.gnostr.libp2p-app-template.libp2p-app-template";
				PRODUCT_NAME = "$(TARGET_NAME)";
				SDKROOT = auto;
				SUPPORTED_PLATFORMS = "iphoneos iphonesimulator macosx xros xrsimulator";
				SWIFT_EMIT_LOC_STRINGS = YES;
				SWIFT_VERSION = 5.0;
				TARGETED_DEVICE_FAMILY = "1,2,7";
				XROS_DEPLOYMENT_TARGET = 2.2;
			};
			name = Debug;
		};
		4BE2D0682FC2347B00461214 /* Release */ = {
			isa = XCBuildConfiguration;
			buildSettings = {
				ASSETCATALOG_COMPILER_APPICON_NAME = AppIcon;
				ASSETCATALOG_COMPILER_GLOBAL_ACCENT_COLOR_NAME = AccentColor;
				CODE_SIGN_ENTITLEMENTS = "libp2p-app-template/libp2p_app_template.entitlements";
				CODE_SIGN_STYLE = Automatic;
				CURRENT_PROJECT_VERSION = 1;
				DEVELOPMENT_ASSET_PATHS = "\"libp2p-app-template/Preview Content\"";
				DEVELOPMENT_TEAM = M684FYCYG6;
				ENABLE_HARDENED_RUNTIME = YES;
				ENABLE_PREVIEWS = YES;
				GENERATE_INFOPLIST_FILE = YES;
				"INFOPLIST_KEY_UIApplicationSceneManifest_Generation[sdk=iphoneos*]" = YES;
				"INFOPLIST_KEY_UIApplicationSceneManifest_Generation[sdk=iphonesimulator*]" = YES;
				"INFOPLIST_KEY_UIApplicationSupportsIndirectInputEvents[sdk=iphoneos*]" = YES;
				"INFOPLIST_KEY_UIApplicationSupportsIndirectInputEvents[sdk=iphonesimulator*]" = YES;
				"INFOPLIST_KEY_UILaunchScreen_Generation[sdk=iphoneos*]" = YES;
				"INFOPLIST_KEY_UILaunchScreen_Generation[sdk=iphonesimulator*]" = YES;
				"INFOPLIST_KEY_UIStatusBarStyle[sdk=iphoneos*]" = UIStatusBarStyleDefault;
				"INFOPLIST_KEY_UIStatusBarStyle[sdk=iphonesimulator*]" = UIStatusBarStyleDefault;
				INFOPLIST_KEY_UISupportedInterfaceOrientations_iPad = "UIInterfaceOrientationPortrait UIInterfaceOrientationPortraitUpsideDown UIInterfaceOrientationLandscapeLeft UIInterfaceOrientationLandscapeRight";
				INFOPLIST_KEY_UISupportedInterfaceOrientations_iPhone = "UIInterfaceOrientationPortrait UIInterfaceOrientationLandscapeLeft UIInterfaceOrientationLandscapeRight";
				IPHONEOS_DEPLOYMENT_TARGET = 18.2;
				LD_RUNPATH_SEARCH_PATHS = "@executable_path/Frameworks";
				"LD_RUNPATH_SEARCH_PATHS[sdk=macosx*]" = "@executable_path/../Frameworks";
				MACOSX_DEPLOYMENT_TARGET = 14.0;
				MARKETING_VERSION = 1.0;
				PRODUCT_BUNDLE_IDENTIFIER = "org.gnostr.libp2p-app-template.libp2p-app-template";
				PRODUCT_NAME = "$(TARGET_NAME)";
				SDKROOT = auto;
				SUPPORTED_PLATFORMS = "iphoneos iphonesimulator macosx xros xrsimulator";
				SWIFT_EMIT_LOC_STRINGS = YES;
				SWIFT_VERSION = 5.0;
				TARGETED_DEVICE_FAMILY = "1,2,7";
				XROS_DEPLOYMENT_TARGET = 2.2;
			};
			name = Release;
		};
		4BE2D06A2FC2347B00461214 /* Debug */ = {
			isa = XCBuildConfiguration;
			buildSettings = {
				BUNDLE_LOADER = "$(TEST_HOST)";
				CODE_SIGN_STYLE = Automatic;
				CURRENT_PROJECT_VERSION = 1;
				DEVELOPMENT_TEAM = M684FYCYG6;
				GENERATE_INFOPLIST_FILE = YES;
				IPHONEOS_DEPLOYMENT_TARGET = 18.2;
				MACOSX_DEPLOYMENT_TARGET = 14.8;
				MARKETING_VERSION = 1.0;
				PRODUCT_BUNDLE_IDENTIFIER = "org.gnostr.libp2p-app-template.libp2p-app-templateTests";
				PRODUCT_NAME = "$(TARGET_NAME)";
				SDKROOT = auto;
				SUPPORTED_PLATFORMS = "iphoneos iphonesimulator macosx xros xrsimulator";
				SWIFT_EMIT_LOC_STRINGS = NO;
				SWIFT_VERSION = 5.0;
				TARGETED_DEVICE_FAMILY = "1,2,7";
				TEST_HOST = "$(BUILT_PRODUCTS_DIR)/libp2p-app-template.app/$(BUNDLE_EXECUTABLE_FOLDER_PATH)/libp2p-app-template";
				XROS_DEPLOYMENT_TARGET = 2.2;
			};
			name = Debug;
		};
		4BE2D06B2FC2347B00461214 /* Release */ = {
			isa = XCBuildConfiguration;
			buildSettings = {
				BUNDLE_LOADER = "$(TEST_HOST)";
				CODE_SIGN_STYLE = Automatic;
				CURRENT_PROJECT_VERSION = 1;
				DEVELOPMENT_TEAM = M684FYCYG6;
				GENERATE_INFOPLIST_FILE = YES;
				IPHONEOS_DEPLOYMENT_TARGET = 18.2;
				MACOSX_DEPLOYMENT_TARGET = 14.8;
				MARKETING_VERSION = 1.0;
				PRODUCT_BUNDLE_IDENTIFIER = "org.gnostr.libp2p-app-template.libp2p-app-templateTests";
				PRODUCT_NAME = "$(TARGET_NAME)";
				SDKROOT = auto;
				SUPPORTED_PLATFORMS = "iphoneos iphonesimulator macosx xros xrsimulator";
				SWIFT_EMIT_LOC_STRINGS = NO;
				SWIFT_VERSION = 5.0;
				TARGETED_DEVICE_FAMILY = "1,2,7";
				TEST_HOST = "$(BUILT_PRODUCTS_DIR)/libp2p-app-template.app/$(BUNDLE_EXECUTABLE_FOLDER_PATH)/libp2p-app-template";
				XROS_DEPLOYMENT_TARGET = 2.2;
			};
			name = Release;
		};
		4BE2D06D2FC2347B00461214 /* Debug */ = {
			isa = XCBuildConfiguration;
			buildSettings = {
				CODE_SIGN_STYLE = Automatic;
				CURRENT_PROJECT_VERSION = 1;
				DEVELOPMENT_TEAM = M684FYCYG6;
				GENERATE_INFOPLIST_FILE = YES;
				IPHONEOS_DEPLOYMENT_TARGET = 18.2;
				MACOSX_DEPLOYMENT_TARGET = 14.8;
				MARKETING_VERSION = 1.0;
				PRODUCT_BUNDLE_IDENTIFIER = "org.gnostr.libp2p-app-template.libp2p-app-templateUITests";
				PRODUCT_NAME = "$(TARGET_NAME)";
				SDKROOT = auto;
				SUPPORTED_PLATFORMS = "iphoneos iphonesimulator macosx xros xrsimulator";
				SWIFT_EMIT_LOC_STRINGS = NO;
				SWIFT_VERSION = 5.0;
				TARGETED_DEVICE_FAMILY = "1,2,7";
				TEST_TARGET_NAME = "libp2p-app-template";
				XROS_DEPLOYMENT_TARGET = 2.2;
			};
			name = Debug;
		};
		4BE2D06E2FC2347B00461214 /* Release */ = {
			isa = XCBuildConfiguration;
			buildSettings = {
				CODE_SIGN_STYLE = Automatic;
				CURRENT_PROJECT_VERSION = 1;
				DEVELOPMENT_TEAM = M684FYCYG6;
				GENERATE_INFOPLIST_FILE = YES;
				IPHONEOS_DEPLOYMENT_TARGET = 18.2;
				MACOSX_DEPLOYMENT_TARGET = 14.8;
				MARKETING_VERSION = 1.0;
				PRODUCT_BUNDLE_IDENTIFIER = "org.gnostr.libp2p-app-template.libp2p-app-templateUITests";
				PRODUCT_NAME = "$(TARGET_NAME)";
				SDKROOT = auto;
				SUPPORTED_PLATFORMS = "iphoneos iphonesimulator macosx xros xrsimulator";
				SWIFT_EMIT_LOC_STRINGS = NO;
				SWIFT_VERSION = 5.0;
				TARGETED_DEVICE_FAMILY = "1,2,7";
				TEST_TARGET_NAME = "libp2p-app-template";
				XROS_DEPLOYMENT_TARGET = 2.2;
			};
			name = Release;
		};
/* End XCBuildConfiguration section */

/* Begin XCConfigurationList section */
		4BE2D03A2FC2347A00461214 /* Build configuration list for PBXProject "libp2p-app-template" */ = {
			isa = XCConfigurationList;
			buildConfigurations = (
				4BE2D0642FC2347B00461214 /* Debug */,
				4BE2D0652FC2347B00461214 /* Release */,
			);
			defaultConfigurationIsVisible = 0;
			defaultConfigurationName = Release;
		};
		4BE2D0662FC2347B00461214 /* Build configuration list for PBXNativeTarget "libp2p-app-template" */ = {
			isa = XCConfigurationList;
			buildConfigurations = (
				4BE2D0672FC2347B00461214 /* Debug */,
				4BE2D0682FC2347B00461214 /* Release */,
			);
			defaultConfigurationIsVisible = 0;
			defaultConfigurationName = Release;
		};
		4BE2D0692FC2347B00461214 /* Build configuration list for PBXNativeTarget "libp2p-app-templateTests" */ = {
			isa = XCConfigurationList;
			buildConfigurations = (
				4BE2D06A2FC2347B00461214 /* Debug */,
				4BE2D06B2FC2347B00461214 /* Release */,
			);
			defaultConfigurationIsVisible = 0;
			defaultConfigurationName = Release;
		};
		4BE2D06C2FC2347B00461214 /* Build configuration list for PBXNativeTarget "libp2p-app-templateUITests" */ = {
			isa = XCConfigurationList;
			buildConfigurations = (
				4BE2D06D2FC2347B00461214 /* Debug */,
				4BE2D06E2FC2347B00461214 /* Release */,
			);
			defaultConfigurationIsVisible = 0;
			defaultConfigurationName = Release;
		};
/* End XCConfigurationList section */

/* Begin XCLocalSwiftPackageReference section */
		4BE2D06F2FC234EE00461214 /* XCLocalSwiftPackageReference "../swift-libp2p" */ = {
			isa = XCLocalSwiftPackageReference;
			relativePath = "../swift-libp2p";
		};
/* End XCLocalSwiftPackageReference section */

/* Begin XCSwiftPackageProductDependency section */
		4BE2D0702FC234EE00461214 /* LibP2P */ = {
			isa = XCSwiftPackageProductDependency;
			productName = LibP2P;
		};
		4BE2D0722FC234EE00461214 /* LibP2PTesting */ = {
			isa = XCSwiftPackageProductDependency;
			productName = LibP2PTesting;
		};
/* End XCSwiftPackageProductDependency section */
	};
	rootObject = 4BE2D0372FC2347A00461214 /* Project object */;
}
