// !$*UTF8*$!
{
	archiveVersion = 1;
	classes = {
	};
	objectVersion = 60;
	objects = {

/* Begin PBXBuildFile section */
		4B5721162FC0C22F00B31674 /* FFIKitchenSink in Frameworks */ = {isa = PBXBuildFile; productRef = FFIKS000000000000000060 /* FFIKitchenSink */; };
		FFIKS000000000000000001 /* FFIKitchenSinkApp.swift in Sources */ = {isa = PBXBuildFile; fileRef = FFIKS000000000000000011 /* FFIKitchenSinkApp.swift */; };
		FFIKS000000000000000002 /* ContentView.swift in Sources */ = {isa = PBXBuildFile; fileRef = FFIKS000000000000000012 /* ContentView.swift */; };
/* End PBXBuildFile section */

/* Begin PBXFileReference section */
		FFIKS000000000000000010 /* FFIKitchenSinkApp.app */ = {isa = PBXFileReference; explicitFileType = wrapper.application; includeInIndex = 0; path = FFIKitchenSinkApp.app; sourceTree = BUILT_PRODUCTS_DIR; };
		FFIKS000000000000000011 /* FFIKitchenSinkApp.swift */ = {isa = PBXFileReference; lastKnownFileType = sourcecode.swift; path = FFIKitchenSinkApp.swift; sourceTree = "<group>"; };
		FFIKS000000000000000012 /* ContentView.swift */ = {isa = PBXFileReference; lastKnownFileType = sourcecode.swift; path = ContentView.swift; sourceTree = "<group>"; };
/* End PBXFileReference section */

/* Begin PBXFrameworksBuildPhase section */
		FFIKS000000000000000020 /* Frameworks */ = {
			isa = PBXFrameworksBuildPhase;
			buildActionMask = 2147483647;
			files = (
				4B5721162FC0C22F00B31674 /* FFIKitchenSink in Frameworks */,
			);
			runOnlyForDeploymentPostprocessing = 0;
		};
/* End PBXFrameworksBuildPhase section */

/* Begin PBXGroup section */
		FFIKS000000000000000030 = {
			isa = PBXGroup;
			children = (
				FFIKS000000000000000031 /* FFIKitchenSinkApp */,
				FFIKS000000000000000032 /* Products */,
			);
			sourceTree = "<group>";
		};
		FFIKS000000000000000031 /* FFIKitchenSinkApp */ = {
			isa = PBXGroup;
			children = (
				FFIKS000000000000000011 /* FFIKitchenSinkApp.swift */,
				FFIKS000000000000000012 /* ContentView.swift */,
			);
			path = FFIKitchenSinkApp;
			sourceTree = "<group>";
		};
		FFIKS000000000000000032 /* Products */ = {
			isa = PBXGroup;
			children = (
				FFIKS000000000000000010 /* FFIKitchenSinkApp.app */,
			);
			name = Products;
			sourceTree = "<group>";
		};
/* End PBXGroup section */

/* Begin PBXNativeTarget section */
		FFIKS000000000000000040 /* FFIKitchenSinkApp */ = {
			isa = PBXNativeTarget;
			buildConfigurationList = FFIKS000000000000000050 /* Build configuration list for PBXNativeTarget "FFIKitchenSinkApp" */;
			buildPhases = (
				FFIKS000000000000000041 /* Sources */,
				FFIKS000000000000000020 /* Frameworks */,
				FFIKS000000000000000042 /* Resources */,
			);
			buildRules = (
			);
			dependencies = (
			);
			name = FFIKitchenSinkApp;
			packageProductDependencies = (
				FFIKS000000000000000060 /* FFIKitchenSink */,
			);
			productName = FFIKitchenSinkApp;
			productReference = FFIKS000000000000000010 /* FFIKitchenSinkApp.app */;
			productType = "com.apple.product-type.application";
		};
/* End PBXNativeTarget section */

/* Begin PBXProject section */
		FFIKS000000000000000100 /* Project object */ = {
			isa = PBXProject;
			attributes = {
				BuildIndependentTargetsInParallel = 1;
				LastSwiftUpdateCheck = 1600;
				LastUpgradeCheck = 1600;
				TargetAttributes = {
					FFIKS000000000000000040 = {
						CreatedOnToolsVersion = 16.0;
					};
				};
			};
			buildConfigurationList = FFIKS000000000000000051 /* Build configuration list for PBXProject "FFIKitchenSinkApp" */;
			compatibilityVersion = "Xcode 15.0";
			developmentRegion = en;
			hasScannedForEncodings = 0;
			knownRegions = (
				en,
				Base,
			);
			mainGroup = FFIKS000000000000000030;
			packageReferences = (
				FFIKS000000000000000061 /* XCLocalSwiftPackageReference "." */,
			);
			productRefGroup = FFIKS000000000000000032 /* Products */;
			projectDirPath = "";
			projectRoot = "";
			targets = (
				FFIKS000000000000000040 /* FFIKitchenSinkApp */,
			);
		};
/* End PBXProject section */

/* Begin PBXResourcesBuildPhase section */
		FFIKS000000000000000042 /* Resources */ = {
			isa = PBXResourcesBuildPhase;
			buildActionMask = 2147483647;
			files = (
			);
			runOnlyForDeploymentPostprocessing = 0;
		};
/* End PBXResourcesBuildPhase section */

/* Begin PBXSourcesBuildPhase section */
		FFIKS000000000000000041 /* Sources */ = {
			isa = PBXSourcesBuildPhase;
			buildActionMask = 2147483647;
			files = (
				FFIKS000000000000000001 /* FFIKitchenSinkApp.swift in Sources */,
				FFIKS000000000000000002 /* ContentView.swift in Sources */,
			);
			runOnlyForDeploymentPostprocessing = 0;
		};
/* End PBXSourcesBuildPhase section */

/* Begin XCBuildConfiguration section */
		FFIKS000000000000000052 /* Debug */ = {
			isa = XCBuildConfiguration;
			buildSettings = {
				CLANG_ENABLE_MODULES = YES;
				CLANG_ENABLE_OBJC_ARC = YES;
				CLANG_ENABLE_OBJC_WEAK = YES;
				CODE_SIGN_STYLE = Automatic;
				CURRENT_PROJECT_VERSION = 1;
				GENERATE_INFOPLIST_FILE = YES;
				INFOPLIST_KEY_UIApplicationSceneManifest_Generation = YES;
				INFOPLIST_KEY_UIApplicationSupportsIndirectInputEvents = YES;
				INFOPLIST_KEY_UILaunchScreen_Generation = YES;
				INFOPLIST_KEY_UISupportedInterfaceOrientations_iPad = "UIInterfaceOrientationPortrait UIInterfaceOrientationPortraitUpsideDown UIInterfaceOrientationLandscapeLeft UIInterfaceOrientationLandscapeRight";
				INFOPLIST_KEY_UISupportedInterfaceOrientations_iPhone = "UIInterfaceOrientationPortrait UIInterfaceOrientationLandscapeLeft UIInterfaceOrientationLandscapeRight";
				"ARCHS[sdk=iphonesimulator*]" = arm64;
				"EXCLUDED_ARCHS[sdk=iphonesimulator*]" = x86_64;
				LD_RUNPATH_SEARCH_PATHS = (
					"$(inherited)",
					"@executable_path/Frameworks",
				);
				MARKETING_VERSION = 1.0;
				PRODUCT_BUNDLE_IDENTIFIER = org.gnostr.FFIKitchenSinkApp;
				PRODUCT_NAME = "$(TARGET_NAME)";
				SDKROOT = iphoneos;
				SUPPORTED_PLATFORMS = "iphoneos iphonesimulator";
				SUPPORTS_MACCATALYST = YES;
				SWIFT_EMIT_LOC_STRINGS = YES;
				SWIFT_VERSION = 6.0;
				TARGETED_DEVICE_FAMILY = "1,2";
			};
			name = Debug;
		};
		FFIKS000000000000000053 /* Release */ = {
			isa = XCBuildConfiguration;
			buildSettings = {
				CLANG_ENABLE_MODULES = YES;
				CLANG_ENABLE_OBJC_ARC = YES;
				CLANG_ENABLE_OBJC_WEAK = YES;
				CODE_SIGN_STYLE = Automatic;
				CURRENT_PROJECT_VERSION = 1;
				GENERATE_INFOPLIST_FILE = YES;
				INFOPLIST_KEY_UIApplicationSceneManifest_Generation = YES;
				INFOPLIST_KEY_UIApplicationSupportsIndirectInputEvents = YES;
				INFOPLIST_KEY_UILaunchScreen_Generation = YES;
				INFOPLIST_KEY_UISupportedInterfaceOrientations_iPad = "UIInterfaceOrientationPortrait UIInterfaceOrientationPortraitUpsideDown UIInterfaceOrientationLandscapeLeft UIInterfaceOrientationLandscapeRight";
				INFOPLIST_KEY_UISupportedInterfaceOrientations_iPhone = "UIInterfaceOrientationPortrait UIInterfaceOrientationLandscapeLeft UIInterfaceOrientationLandscapeRight";
				"ARCHS[sdk=iphonesimulator*]" = arm64;
				"EXCLUDED_ARCHS[sdk=iphonesimulator*]" = x86_64;
				LD_RUNPATH_SEARCH_PATHS = (
					"$(inherited)",
					"@executable_path/Frameworks",
				);
				MARKETING_VERSION = 1.0;
				PRODUCT_BUNDLE_IDENTIFIER = org.gnostr.FFIKitchenSinkApp;
				PRODUCT_NAME = "$(TARGET_NAME)";
				SDKROOT = iphoneos;
				SUPPORTED_PLATFORMS = "iphoneos iphonesimulator";
				SUPPORTS_MACCATALYST = YES;
				SWIFT_EMIT_LOC_STRINGS = YES;
				SWIFT_VERSION = 6.0;
				TARGETED_DEVICE_FAMILY = "1,2";
			};
			name = Release;
		};
		FFIKS000000000000000054 /* Debug */ = {
			isa = XCBuildConfiguration;
			buildSettings = {
				CLANG_ENABLE_MODULES = YES;
				CLANG_ENABLE_OBJC_ARC = YES;
				CLANG_ENABLE_OBJC_WEAK = YES;
				CODE_SIGN_STYLE = Automatic;
				CURRENT_PROJECT_VERSION = 1;
				DEVELOPMENT_TEAM = M684FYCYG6;
				GENERATE_INFOPLIST_FILE = YES;
				MARKETING_VERSION = 1.0;
				PRODUCT_NAME = "$(TARGET_NAME)";
				SUPPORTED_PLATFORMS = "iphoneos iphonesimulator macosx";
				SUPPORTS_MACCATALYST = YES;
				SWIFT_VERSION = 6.0;
			};
			name = Debug;
		};
		FFIKS000000000000000055 /* Release */ = {
			isa = XCBuildConfiguration;
			buildSettings = {
				CLANG_ENABLE_MODULES = YES;
				CLANG_ENABLE_OBJC_ARC = YES;
				CLANG_ENABLE_OBJC_WEAK = YES;
				CODE_SIGN_STYLE = Automatic;
				CURRENT_PROJECT_VERSION = 1;
				DEVELOPMENT_TEAM = M684FYCYG6;
				GENERATE_INFOPLIST_FILE = YES;
				MARKETING_VERSION = 1.0;
				PRODUCT_NAME = "$(TARGET_NAME)";
				SUPPORTED_PLATFORMS = "iphoneos iphonesimulator macosx";
				SUPPORTS_MACCATALYST = YES;
				SWIFT_VERSION = 6.0;
			};
			name = Release;
		};
/* End XCBuildConfiguration section */

/* Begin XCConfigurationList section */
		FFIKS000000000000000050 /* Build configuration list for PBXNativeTarget "FFIKitchenSinkApp" */ = {
			isa = XCConfigurationList;
			buildConfigurations = (
				FFIKS000000000000000054 /* Debug */,
				FFIKS000000000000000055 /* Release */,
			);
			defaultConfigurationIsVisible = 0;
			defaultConfigurationName = Release;
		};
		FFIKS000000000000000051 /* Build configuration list for PBXProject "FFIKitchenSinkApp" */ = {
			isa = XCConfigurationList;
			buildConfigurations = (
				FFIKS000000000000000052 /* Debug */,
				FFIKS000000000000000053 /* Release */,
			);
			defaultConfigurationIsVisible = 0;
			defaultConfigurationName = Release;
		};
/* End XCConfigurationList section */

/* Begin XCLocalSwiftPackageReference section */
		FFIKS000000000000000061 /* XCLocalSwiftPackageReference "." */ = {
			isa = XCLocalSwiftPackageReference;
			relativePath = .;
		};
/* End XCLocalSwiftPackageReference section */

/* Begin XCSwiftPackageProductDependency section */
		FFIKS000000000000000060 /* FFIKitchenSink */ = {
			isa = XCSwiftPackageProductDependency;
			package = FFIKS000000000000000061 /* XCLocalSwiftPackageReference "." */;
			productName = FFIKitchenSink;
		};
/* End XCSwiftPackageProductDependency section */
	};
	rootObject = FFIKS000000000000000100 /* Project object */;
}
